
Microsoft Visual Studio Solution File, Format Version 12.00
# Visual Studio Version 17
VisualStudioVersion = 17.4.33213.308
MinimumVisualStudioVersion = 10.0.40219.1
Project("{FAE04EC0-301F-11D3-BF4B-00C04F79EFBC}") = "Puzzle_Nume_Prenume", "Puzzle_Nume_Prenume.csproj", "{7DA575EC-AD0C-48EC-914E-AE540DBE2DA7}"
EndProject
Global
	GlobalSection(SolutionConfigurationPlatforms) = preSolution
		Debug|Any CPU = Debug|Any CPU
		Release|Any CPU = Release|Any CPU
	EndGlobalSection
	GlobalSection(ProjectConfigurationPlatforms) = postSolution
		{7DA575EC-AD0C-48EC-914E-AE540DBE2DA7}.Debug|Any CPU.ActiveCfg = Debug|Any CPU
		{7DA575EC-AD0C-48EC-914E-AE540DBE2DA7}.Debug|Any CPU.Build.0 = Debug|Any CPU
		{7DA575EC-AD0C-48EC-914E-AE540DBE2DA7}.Release|Any CPU.ActiveCfg = Release|Any CPU
		{7DA575EC-AD0C-48EC-914E-AE540DBE2DA7}.Release|Any CPU.Build.0 = Release|Any CPU
	EndGlobalSection
	GlobalSection(SolutionProperties) = preSolution
		HideSolutionNode = FALSE
	EndGlobalSection
	GlobalSection(ExtensibilityGlobals) = postSolution
		SolutionGuid = {3673D97D-FE43-4569-8D49-9DF8440542BF}
	EndGlobalSection
EndGlobal
